hash: 6c53b31ce7876c1a0933fc78e47f55f32d88743a205373694bf6cd9aaf1f876e
updated: 2017-11-23T20:18:20.961861966-08:00
imports:
- name: cloud.google.com/go
  version: 2d3a6656c17a60b0815b7e06ab0be04eacb6e613
  subpackages:
  - compute/metadata
  - internal/version
  - logging
  - logging/apiv2
  - logging/internal
- name: github.com/BurntSushi/toml
  version: b26d9c308763d68093482582cea63d69be07a0f0
- name: github.com/gin-contrib/sse
  version: 22d885f9ecc78bf4ee5d72b937e4bbcdc58e8cae
- name: github.com/gin-gonic/gin
  version: d459835d2b077e44f7c9b453505ee29881d5d12d
  subpackages:
  - binding
  - render
- name: github.com/golang/protobuf
  version: 1e59b77b52bf8e4b449a57e6f79f21226d571845
  subpackages:
  - proto
  - protoc-gen-go/descriptor
  - ptypes
  - ptypes/any
  - ptypes/duration
  - ptypes/empty
  - ptypes/struct
  - ptypes/timestamp
- name: github.com/googleapis/gax-go
  version: 317e0006254c44a0ac427cc52a0e083ff0b9622f
- name: github.com/mattn/go-isatty
  version: 6ca4dbf54d38eea1a992b3c722a76a5d1c4cb25c
- name: github.com/miekg/dns
  version: be5ae6ca7ac994584d2e30167737687f1c1ded8e
  subpackages:
  - internal/socket
- name: github.com/ryanuber/go-glob
  version: 572520ed46dbddaed19ea3d9541bdd0494163693
- name: github.com/satori/go.uuid
  version: 879c5887cd475cd7864858769793b2ceb0d44feb
- name: github.com/ugorji/go
  version: 84cb69a8af8316eed8cf4a3c9368a56977850062
  subpackages:
  - codec
- name: go.uber.org/atomic
  version: 8474b86a5a6f79c443ce4b2992817ff32cf208b8
- name: go.uber.org/multierr
  version: 3c4937480c32f4c13a875a1829af76c98ca3d40a
- name: go.uber.org/zap
  version: 35aad584952c3e7020db7b839f6b102de6271f89
  subpackages:
  - buffer
  - internal/bufferpool
  - internal/color
  - internal/exit
  - zapcore
- name: golang.org/x/net
  version: c7086645de248775cbf2373cf5ca4d2fa664b8c1
  subpackages:
  - context
  - context/ctxhttp
  - http2
  - http2/hpack
  - idna
  - internal/timeseries
  - lex/httplex
  - trace
- name: golang.org/x/oauth2
  version: f95fa95eaa936d9d87489b15d1d18b97c1ba9c28
  subpackages:
  - google
  - internal
  - jws
  - jwt
- name: golang.org/x/sync
  version: fd80eb99c8f653c847d294a001bdf2a3a6f768f5
  subpackages:
  - semaphore
- name: golang.org/x/sys
  version: a13efeb2fd213cf4be7227992aa54519af3b2ac0
  subpackages:
  - unix
- name: golang.org/x/text
  version: 88f656faf3f37f690df1a32515b479415e1a6769
  subpackages:
  - secure/bidirule
  - transform
  - unicode/bidi
  - unicode/norm
- name: google.golang.org/api
  version: 92db9b55d2aa90e54a33cfaa8caf354afae68157
  subpackages:
  - googleapi/transport
  - internal
  - iterator
  - option
  - support/bundler
  - transport
  - transport/grpc
  - transport/http
- name: google.golang.org/appengine
  version: 9d8544a6b2c7df9cff240fcf92d7b2f59bc13416
  subpackages:
  - internal
  - internal/app_identity
  - internal/base
  - internal/datastore
  - internal/log
  - internal/modules
  - internal/remote_api
  - internal/socket
  - internal/urlfetch
  - socket
  - urlfetch
- name: google.golang.org/genproto
  version: 7f0da29060c682909f650ad8ed4e515bd74fa12a
  subpackages:
  - googleapis/api/annotations
  - googleapis/api/distribution
  - googleapis/api/label
  - googleapis/api/metric
  - googleapis/api/monitoredres
  - googleapis/logging/type
  - googleapis/logging/v2
  - googleapis/rpc/status
  - protobuf/field_mask
- name: google.golang.org/grpc
  version: 10873b30bf245efc365a957b425da2e15f47a560
  subpackages:
  - balancer
  - balancer/roundrobin
  - codes
  - connectivity
  - credentials
  - credentials/oauth
  - encoding
  - grpclb/grpc_lb_v1/messages
  - grpclog
  - internal
  - keepalive
  - metadata
  - naming
  - peer
  - resolver
  - resolver/dns
  - resolver/passthrough
  - stats
  - status
  - tap
  - transport
- name: gopkg.in/gin-contrib/cors.v1
  version: cf4846e6a636a76237a28d9286f163c132e841bc
- name: gopkg.in/go-playground/validator.v8
  version: 5f1438d3fca68893a817e4a66806cea46a9e4ebf
- name: gopkg.in/yaml.v2
  version: 287cf08546ab5e7e37d55a84f7ed3fd1db036de5
testImports:
- name: github.com/stretchr/testify
  version: 69483b4bd14f5845b5a1e55bca19e954e827f1d0
  subpackages:
  - assert
